
Microsoft Visual Studio Solution File, Format Version 12.00
# Visual Studio Version 17
VisualStudioVersion = 17.7.34031.279
MinimumVisualStudioVersion = 10.0.40219.1
Project("{FAE04EC0-301F-11D3-BF4B-00C04F79EFBC}") = "LessonsSharp", "LessonsSharp\LessonsSharp.csproj", "{313F3DF5-7BEE-4DD8-8FBB-29162AE2AAC4}"
EndProject
Global
	GlobalSection(SolutionConfigurationPlatforms) = preSolution
		Debug|Any CPU = Debug|Any CPU
		Release|Any CPU = Release|Any CPU
	EndGlobalSection
	GlobalSection(ProjectConfigurationPlatforms) = postSolution
		{313F3DF5-7BEE-4DD8-8FBB-29162AE2AAC4}.Debug|Any CPU.ActiveCfg = Debug|Any CPU
		{313F3DF5-7BEE-4DD8-8FBB-29162AE2AAC4}.Debug|Any CPU.Build.0 = Debug|Any CPU
		{313F3DF5-7BEE-4DD8-8FBB-29162AE2AAC4}.Release|Any CPU.ActiveCfg = Release|Any CPU
		{313F3DF5-7BEE-4DD8-8FBB-29162AE2AAC4}.Release|Any CPU.Build.0 = Release|Any CPU
	EndGlobalSection
	GlobalSection(SolutionProperties) = preSolution
		HideSolutionNode = FALSE
	EndGlobalSection
	GlobalSection(ExtensibilityGlobals) = postSolution
		SolutionGuid = {2F9909E7-9B37-4B34-884E-CF1DF1CC1BD5}
	EndGlobalSection
EndGlobal
